// !$*UTF8*$!
{
	archiveVersion = 1;
	classes = {
	};
	objectVersion = 77;
	objects = {

/* Begin PBXBuildFile section */
		0072525401C6717D03BA9373 /* WordListDetailView.swift in Sources */ = {isa = PBXBuildFile; fileRef = A30CF2FA6851BB9E96520385 /* WordListDetailView.swift */; };
		026F58264ACE6050CAF5F3FC /* RewardRule.swift in Sources */ = {isa = PBXBuildFile; fileRef = 07C12AFDB033CEA6D48F0BA5 /* RewardRule.swift */; };
		0D29D17F59A9EA7971D0FC14 /* SessionWord.swift in Sources */ = {isa = PBXBuildFile; fileRef = F4EA0A8C76D5C6082D30F83C /* SessionWord.swift */; };
		171FF9788B50A457F939316C /* WordListCard.swift in Sources */ = {isa = PBXBuildFile; fileRef = A2C5F1F3266B8C11B7552D1C /* WordListCard.swift */; };
		1DBC23ECDFF79463D9AAEF06 /* HomeView.swift in Sources */ = {isa = PBXBuildFile; fileRef = D3FFE30FF920EE478E43516E /* HomeView.swift */; };
		1EFDA0E645A28BA86E14FABF /* PaperSessionView.swift in Sources */ = {isa = PBXBuildFile; fileRef = 49DF43F4A27E38EC1E3808F1 /* PaperSessionView.swift */; };
		27F150DEB17C64472B5854FF /* WordList.swift in Sources */ = {isa = PBXBuildFile; fileRef = ED08860A2D3DFEF16A2E33A9 /* WordList.swift */; };
		2D5F82CE0065DEDEEEE5F191 /* Answer.swift in Sources */ = {isa = PBXBuildFile; fileRef = 7722B8088813368835434C02 /* Answer.swift */; };
		3484C8F3B811D54C1C4F1584 /* RevisitSessionView.swift in Sources */ = {isa = PBXBuildFile; fileRef = E0403C6CB36831CA8A6F1033 /* RevisitSessionView.swift */; };
		4465B88CB147AAD0DFC9EF88 /* ScoreRing.swift in Sources */ = {isa = PBXBuildFile; fileRef = F7CD19E6CD49939F788633C1 /* ScoreRing.swift */; };
		48E300CD3E97B0F830ED8B7C /* StarBalanceBadge.swift in Sources */ = {isa = PBXBuildFile; fileRef = 7B27EAFFB952DEC235417EBD /* StarBalanceBadge.swift */; };
		4BD6CFA77AA4CD88A7B0B886 /* DictationRewardService.swift in Sources */ = {isa = PBXBuildFile; fileRef = D0AFD06AC5D74B5AF4E6CB8A /* DictationRewardService.swift */; };
		507BE41C662E436246CFDA5E /* RewardTransaction.swift in Sources */ = {isa = PBXBuildFile; fileRef = 72460F46FE218A2CF95743B8 /* RewardTransaction.swift */; };
		6261EBA5D0EDFE59DB214C54 /* SettingsView.swift in Sources */ = {isa = PBXBuildFile; fileRef = 6814ED42C59543D2E17618A9 /* SettingsView.swift */; };
		632699888BB61F598F3E7F47 /* OCRReviewView.swift in Sources */ = {isa = PBXBuildFile; fileRef = AC7224275A61915BDDF7C988 /* OCRReviewView.swift */; };
		63E215A05B1DAF82FE766AB3 /* DictationTextField.swift in Sources */ = {isa = PBXBuildFile; fileRef = 66F4E2A0A3D4694A525CFB25 /* DictationTextField.swift */; };
		74B373101E1EF744DB8B9B5A /* DictationRewardIdempotencyTests.swift in Sources */ = {isa = PBXBuildFile; fileRef = FB08B9AF000D7179918C3186 /* DictationRewardIdempotencyTests.swift */; };
		7D93EDCFC95DFC535DDD314E /* SessionModePicker.swift in Sources */ = {isa = PBXBuildFile; fileRef = 20D3155D2F2AFB87C9D7BDCA /* SessionModePicker.swift */; };
		7E6BA62B91C7158C4307E7E3 /* CameraView.swift in Sources */ = {isa = PBXBuildFile; fileRef = 0F1F0C6635ED12D6526AB6AD /* CameraView.swift */; };
		921DD3B3B77201F33BA4B364 /* Assets.xcassets in Resources */ = {isa = PBXBuildFile; fileRef = B5B79318408C96C69B24A985 /* Assets.xcassets */; };
		98F7DDBE6503C70FCA199B0D /* OCRService.swift in Sources */ = {isa = PBXBuildFile; fileRef = 99804FC519CDA0887F364BDC /* OCRService.swift */; };
		9B7471C5E0E05574E96F166B /* SessionResult.swift in Sources */ = {isa = PBXBuildFile; fileRef = 7F3D80FF319FB4E124AA4159 /* SessionResult.swift */; };
		9CF652EBE3A1ABD0228E59E9 /* Word.swift in Sources */ = {isa = PBXBuildFile; fileRef = 9C1241FB31451154161B3CC7 /* Word.swift */; };
		9DFE1A08E51E832131F50266 /* PaperSessionMatcher.swift in Sources */ = {isa = PBXBuildFile; fileRef = BDAF2AB304CADF06719465B8 /* PaperSessionMatcher.swift */; };
		AC533C66EBAC527F70B417A0 /* PaperSessionMatcherTests.swift in Sources */ = {isa = PBXBuildFile; fileRef = 97B77B18DF64B6ECA8D50878 /* PaperSessionMatcherTests.swift */; };
		ACB2FC6F777C978499290ED4 /* SessionView.swift in Sources */ = {isa = PBXBuildFile; fileRef = 92D1AF5BA5B49A82D4B6EE57 /* SessionView.swift */; };
		B33A21FD337C57DD0E7EF985 /* NeatnessRing.swift in Sources */ = {isa = PBXBuildFile; fileRef = DC2828BD4DC4D9631947D3C4 /* NeatnessRing.swift */; };
		B79101532EB1EAD07B6578BC /* DictationRewardServiceTests.swift in Sources */ = {isa = PBXBuildFile; fileRef = 02317667F878BE4455A2B655 /* DictationRewardServiceTests.swift */; };
		C2A635859BC1AE13FEAD8CD2 /* SpeechService.swift in Sources */ = {isa = PBXBuildFile; fileRef = DF7357A561CFC688DD3C5B1A /* SpeechService.swift */; };
		CDD2799ECE6D8D06475B27FC /* DicteeApp.swift in Sources */ = {isa = PBXBuildFile; fileRef = 8D4DBB193E5CCA6ACCF54264 /* DicteeApp.swift */; };
		DBDADA03E0327E41EB9C287A /* ReviewBankEntry.swift in Sources */ = {isa = PBXBuildFile; fileRef = 0BD65B115B7B736C431DC142 /* ReviewBankEntry.swift */; };
		DE03A0B2B489B56062D9C066 /* ResultsView.swift in Sources */ = {isa = PBXBuildFile; fileRef = 34635A204A57A740FB78894E /* ResultsView.swift */; };
		E214619B6623FCEFD73CF8C6 /* String+Normalization.swift in Sources */ = {isa = PBXBuildFile; fileRef = 36283553579B91B08CE6D87C /* String+Normalization.swift */; };
		EB5914FF0496558B77D391D3 /* ImportFlowView.swift in Sources */ = {isa = PBXBuildFile; fileRef = 87160EFC86BEB9D091AA5DBA /* ImportFlowView.swift */; };
/* End PBXBuildFile section */

/* Begin PBXContainerItemProxy section */
		0D5F8C6812286A0C7118514D /* PBXContainerItemProxy */ = {
			isa = PBXContainerItemProxy;
			containerPortal = 47E68A7C85A1491F8506E9A3 /* Project object */;
			proxyType = 1;
			remoteGlobalIDString = 7D3CB48D893FB207303E1C43;
			remoteInfo = Dictee;
		};
/* End PBXContainerItemProxy section */

/* Begin PBXFileReference section */
		02317667F878BE4455A2B655 /* DictationRewardServiceTests.swift */ = {isa = PBXFileReference; lastKnownFileType = sourcecode.swift; path = DictationRewardServiceTests.swift; sourceTree = "<group>"; };
		07C12AFDB033CEA6D48F0BA5 /* RewardRule.swift */ = {isa = PBXFileReference; lastKnownFileType = sourcecode.swift; path = RewardRule.swift; sourceTree = "<group>"; };
		0BD65B115B7B736C431DC142 /* ReviewBankEntry.swift */ = {isa = PBXFileReference; lastKnownFileType = sourcecode.swift; path = ReviewBankEntry.swift; sourceTree = "<group>"; };
		0F1F0C6635ED12D6526AB6AD /* CameraView.swift */ = {isa = PBXFileReference; lastKnownFileType = sourcecode.swift; path = CameraView.swift; sourceTree = "<group>"; };
		20361BAF583C2CD0CE43D7F1 /* DicteeTests.xctest */ = {isa = PBXFileReference; includeInIndex = 0; lastKnownFileType = wrapper.cfbundle; path = DicteeTests.xctest; sourceTree = BUILT_PRODUCTS_DIR; };
		20D3155D2F2AFB87C9D7BDCA /* SessionModePicker.swift */ = {isa = PBXFileReference; lastKnownFileType = sourcecode.swift; path = SessionModePicker.swift; sourceTree = "<group>"; };
		34635A204A57A740FB78894E /* ResultsView.swift */ = {isa = PBXFileReference; lastKnownFileType = sourcecode.swift; path = ResultsView.swift; sourceTree = "<group>"; };
		36283553579B91B08CE6D87C /* String+Normalization.swift */ = {isa = PBXFileReference; lastKnownFileType = sourcecode.swift; path = "String+Normalization.swift"; sourceTree = "<group>"; };
		49DF43F4A27E38EC1E3808F1 /* PaperSessionView.swift */ = {isa = PBXFileReference; lastKnownFileType = sourcecode.swift; path = PaperSessionView.swift; sourceTree = "<group>"; };
		66F4E2A0A3D4694A525CFB25 /* DictationTextField.swift */ = {isa = PBXFileReference; lastKnownFileType = sourcecode.swift; path = DictationTextField.swift; sourceTree = "<group>"; };
		6814ED42C59543D2E17618A9 /* SettingsView.swift */ = {isa = PBXFileReference; lastKnownFileType = sourcecode.swift; path = SettingsView.swift; sourceTree = "<group>"; };
		72460F46FE218A2CF95743B8 /* RewardTransaction.swift */ = {isa = PBXFileReference; lastKnownFileType = sourcecode.swift; path = RewardTransaction.swift; sourceTree = "<group>"; };
		7722B8088813368835434C02 /* Answer.swift */ = {isa = PBXFileReference; lastKnownFileType = sourcecode.swift; path = Answer.swift; sourceTree = "<group>"; };
		7B27EAFFB952DEC235417EBD /* StarBalanceBadge.swift */ = {isa = PBXFileReference; lastKnownFileType = sourcecode.swift; path = StarBalanceBadge.swift; sourceTree = "<group>"; };
		7F3D80FF319FB4E124AA4159 /* SessionResult.swift */ = {isa = PBXFileReference; lastKnownFileType = sourcecode.swift; path = SessionResult.swift; sourceTree = "<group>"; };
		87160EFC86BEB9D091AA5DBA /* ImportFlowView.swift */ = {isa = PBXFileReference; lastKnownFileType = sourcecode.swift; path = ImportFlowView.swift; sourceTree = "<group>"; };
		884DFD2E2CB78314A5980720 /* Info.plist */ = {isa = PBXFileReference; lastKnownFileType = text.plist; path = Info.plist; sourceTree = "<group>"; };
		8D4DBB193E5CCA6ACCF54264 /* DicteeApp.swift */ = {isa = PBXFileReference; lastKnownFileType = sourcecode.swift; path = DicteeApp.swift; sourceTree = "<group>"; };
		92D1AF5BA5B49A82D4B6EE57 /* SessionView.swift */ = {isa = PBXFileReference; lastKnownFileType = sourcecode.swift; path = SessionView.swift; sourceTree = "<group>"; };
		97B77B18DF64B6ECA8D50878 /* PaperSessionMatcherTests.swift */ = {isa = PBXFileReference; lastKnownFileType = sourcecode.swift; path = PaperSessionMatcherTests.swift; sourceTree = "<group>"; };
		99804FC519CDA0887F364BDC /* OCRService.swift */ = {isa = PBXFileReference; lastKnownFileType = sourcecode.swift; path = OCRService.swift; sourceTree = "<group>"; };
		9C1241FB31451154161B3CC7 /* Word.swift */ = {isa = PBXFileReference; lastKnownFileType = sourcecode.swift; path = Word.swift; sourceTree = "<group>"; };
		A2C5F1F3266B8C11B7552D1C /* WordListCard.swift */ = {isa = PBXFileReference; lastKnownFileType = sourcecode.swift; path = WordListCard.swift; sourceTree = "<group>"; };
		A30CF2FA6851BB9E96520385 /* WordListDetailView.swift */ = {isa = PBXFileReference; lastKnownFileType = sourcecode.swift; path = WordListDetailView.swift; sourceTree = "<group>"; };
		A9589F1FDACCA397900E84C3 /* Dictee.app */ = {isa = PBXFileReference; includeInIndex = 0; lastKnownFileType = wrapper.application; path = Dictee.app; sourceTree = BUILT_PRODUCTS_DIR; };
		AC7224275A61915BDDF7C988 /* OCRReviewView.swift */ = {isa = PBXFileReference; lastKnownFileType = sourcecode.swift; path = OCRReviewView.swift; sourceTree = "<group>"; };
		B5B79318408C96C69B24A985 /* Assets.xcassets */ = {isa = PBXFileReference; lastKnownFileType = folder.assetcatalog; path = Assets.xcassets; sourceTree = "<group>"; };
		BDAF2AB304CADF06719465B8 /* PaperSessionMatcher.swift */ = {isa = PBXFileReference; lastKnownFileType = sourcecode.swift; path = PaperSessionMatcher.swift; sourceTree = "<group>"; };
		D0AFD06AC5D74B5AF4E6CB8A /* DictationRewardService.swift */ = {isa = PBXFileReference; lastKnownFileType = sourcecode.swift; path = DictationRewardService.swift; sourceTree = "<group>"; };
		D3FFE30FF920EE478E43516E /* HomeView.swift */ = {isa = PBXFileReference; lastKnownFileType = sourcecode.swift; path = HomeView.swift; sourceTree = "<group>"; };
		DC2828BD4DC4D9631947D3C4 /* NeatnessRing.swift */ = {isa = PBXFileReference; lastKnownFileType = sourcecode.swift; path = NeatnessRing.swift; sourceTree = "<group>"; };
		DF7357A561CFC688DD3C5B1A /* SpeechService.swift */ = {isa = PBXFileReference; lastKnownFileType = sourcecode.swift; path = SpeechService.swift; sourceTree = "<group>"; };
		E0403C6CB36831CA8A6F1033 /* RevisitSessionView.swift */ = {isa = PBXFileReference; lastKnownFileType = sourcecode.swift; path = RevisitSessionView.swift; sourceTree = "<group>"; };
		ED08860A2D3DFEF16A2E33A9 /* WordList.swift */ = {isa = PBXFileReference; lastKnownFileType = sourcecode.swift; path = WordList.swift; sourceTree = "<group>"; };
		F4EA0A8C76D5C6082D30F83C /* SessionWord.swift */ = {isa = PBXFileReference; lastKnownFileType = sourcecode.swift; path = SessionWord.swift; sourceTree = "<group>"; };
		F7CD19E6CD49939F788633C1 /* ScoreRing.swift */ = {isa = PBXFileReference; lastKnownFileType = sourcecode.swift; path = ScoreRing.swift; sourceTree = "<group>"; };
		FB08B9AF000D7179918C3186 /* DictationRewardIdempotencyTests.swift */ = {isa = PBXFileReference; lastKnownFileType = sourcecode.swift; path = DictationRewardIdempotencyTests.swift; sourceTree = "<group>"; };
/* End PBXFileReference section */

/* Begin PBXGroup section */
		0B8219D85A56986A0528C0D9 /* Detail */ = {
			isa = PBXGroup;
			children = (
				A30CF2FA6851BB9E96520385 /* WordListDetailView.swift */,
			);
			path = Detail;
			sourceTree = "<group>";
		};
		17E409CB1913E9D4F6C12A3E /* Extensions */ = {
			isa = PBXGroup;
			children = (
				36283553579B91B08CE6D87C /* String+Normalization.swift */,
			);
			path = Extensions;
			sourceTree = "<group>";
		};
		23C04615174EFE538140FA67 /* Dictee */ = {
			isa = PBXGroup;
			children = (
				B5B79318408C96C69B24A985 /* Assets.xcassets */,
				8D4DBB193E5CCA6ACCF54264 /* DicteeApp.swift */,
				884DFD2E2CB78314A5980720 /* Info.plist */,
				F61B24814C481465D5633390 /* Domain */,
				17E409CB1913E9D4F6C12A3E /* Extensions */,
				D312AC265B4E9E679E76C504 /* Models */,
				76540783F996F8C3A11EDE27 /* Services */,
				D89B3DD18436001F4BE35025 /* Views */,
			);
			path = Dictee;
			sourceTree = "<group>";
		};
		44023A68F68BC463EE95BB9E /* DicteeTests */ = {
			isa = PBXGroup;
			children = (
				FB08B9AF000D7179918C3186 /* DictationRewardIdempotencyTests.swift */,
				02317667F878BE4455A2B655 /* DictationRewardServiceTests.swift */,
				97B77B18DF64B6ECA8D50878 /* PaperSessionMatcherTests.swift */,
			);
			path = DicteeTests;
			sourceTree = "<group>";
		};
		686CC8150C0B80B0279C0B85 /* Import */ = {
			isa = PBXGroup;
			children = (
				0F1F0C6635ED12D6526AB6AD /* CameraView.swift */,
				87160EFC86BEB9D091AA5DBA /* ImportFlowView.swift */,
				AC7224275A61915BDDF7C988 /* OCRReviewView.swift */,
			);
			path = Import;
			sourceTree = "<group>";
		};
		6E47EAE6FBFB9B58031B55F1 /* Settings */ = {
			isa = PBXGroup;
			children = (
				6814ED42C59543D2E17618A9 /* SettingsView.swift */,
			);
			path = Settings;
			sourceTree = "<group>";
		};
		76540783F996F8C3A11EDE27 /* Services */ = {
			isa = PBXGroup;
			children = (
				D0AFD06AC5D74B5AF4E6CB8A /* DictationRewardService.swift */,
				99804FC519CDA0887F364BDC /* OCRService.swift */,
				BDAF2AB304CADF06719465B8 /* PaperSessionMatcher.swift */,
				DF7357A561CFC688DD3C5B1A /* SpeechService.swift */,
			);
			path = Services;
			sourceTree = "<group>";
		};
		8610F42A5ED5D1F923EB49E9 /* Session */ = {
			isa = PBXGroup;
			children = (
				66F4E2A0A3D4694A525CFB25 /* DictationTextField.swift */,
				49DF43F4A27E38EC1E3808F1 /* PaperSessionView.swift */,
				34635A204A57A740FB78894E /* ResultsView.swift */,
				E0403C6CB36831CA8A6F1033 /* RevisitSessionView.swift */,
				20D3155D2F2AFB87C9D7BDCA /* SessionModePicker.swift */,
				92D1AF5BA5B49A82D4B6EE57 /* SessionView.swift */,
				F4EA0A8C76D5C6082D30F83C /* SessionWord.swift */,
			);
			path = Session;
			sourceTree = "<group>";
		};
		AF39D05886D93751EB2BD67C /* Products */ = {
			isa = PBXGroup;
			children = (
				A9589F1FDACCA397900E84C3 /* Dictee.app */,
				20361BAF583C2CD0CE43D7F1 /* DicteeTests.xctest */,
			);
			name = Products;
			sourceTree = "<group>";
		};
		D2850731A6BF9D8F784ACCCF = {
			isa = PBXGroup;
			children = (
				23C04615174EFE538140FA67 /* Dictee */,
				44023A68F68BC463EE95BB9E /* DicteeTests */,
				AF39D05886D93751EB2BD67C /* Products */,
			);
			sourceTree = "<group>";
		};
		D312AC265B4E9E679E76C504 /* Models */ = {
			isa = PBXGroup;
			children = (
				7722B8088813368835434C02 /* Answer.swift */,
				0BD65B115B7B736C431DC142 /* ReviewBankEntry.swift */,
				72460F46FE218A2CF95743B8 /* RewardTransaction.swift */,
				7F3D80FF319FB4E124AA4159 /* SessionResult.swift */,
				9C1241FB31451154161B3CC7 /* Word.swift */,
				ED08860A2D3DFEF16A2E33A9 /* WordList.swift */,
			);
			path = Models;
			sourceTree = "<group>";
		};
		D89B3DD18436001F4BE35025 /* Views */ = {
			isa = PBXGroup;
			children = (
				0B8219D85A56986A0528C0D9 /* Detail */,
				E02A4A72913DE4D85C622AC2 /* Home */,
				686CC8150C0B80B0279C0B85 /* Import */,
				8610F42A5ED5D1F923EB49E9 /* Session */,
				6E47EAE6FBFB9B58031B55F1 /* Settings */,
			);
			path = Views;
			sourceTree = "<group>";
		};
		E02A4A72913DE4D85C622AC2 /* Home */ = {
			isa = PBXGroup;
			children = (
				D3FFE30FF920EE478E43516E /* HomeView.swift */,
				DC2828BD4DC4D9631947D3C4 /* NeatnessRing.swift */,
				F7CD19E6CD49939F788633C1 /* ScoreRing.swift */,
				7B27EAFFB952DEC235417EBD /* StarBalanceBadge.swift */,
				A2C5F1F3266B8C11B7552D1C /* WordListCard.swift */,
			);
			path = Home;
			sourceTree = "<group>";
		};
		F61B24814C481465D5633390 /* Domain */ = {
			isa = PBXGroup;
			children = (
				07C12AFDB033CEA6D48F0BA5 /* RewardRule.swift */,
			);
			path = Domain;
			sourceTree = "<group>";
		};
/* End PBXGroup section */

/* Begin PBXNativeTarget section */
		7D3CB48D893FB207303E1C43 /* Dictee */ = {
			isa = PBXNativeTarget;
			buildConfigurationList = 14796FDD102DF7014BC5BEB3 /* Build configuration list for PBXNativeTarget "Dictee" */;
			buildPhases = (
				A6AF04320C1D772AF9AE52D2 /* Sources */,
				43FCCA7A67618DFB7AD9DA6D /* Resources */,
			);
			buildRules = (
			);
			dependencies = (
			);
			name = Dictee;
			packageProductDependencies = (
			);
			productName = Dictee;
			productReference = A9589F1FDACCA397900E84C3 /* Dictee.app */;
			productType = "com.apple.product-type.application";
		};
		DB972EC2F2C1FB5D3A639724 /* DicteeTests */ = {
			isa = PBXNativeTarget;
			buildConfigurationList = FF133172C1B692A8A4C7DDAA /* Build configuration list for PBXNativeTarget "DicteeTests" */;
			buildPhases = (
				7D4F37F54EF5B8F6722960C4 /* Sources */,
			);
			buildRules = (
			);
			dependencies = (
				6D6A995F8690324CA0158A24 /* PBXTargetDependency */,
			);
			name = DicteeTests;
			packageProductDependencies = (
			);
			productName = DicteeTests;
			productReference = 20361BAF583C2CD0CE43D7F1 /* DicteeTests.xctest */;
			productType = "com.apple.product-type.bundle.unit-test";
		};
/* End PBXNativeTarget section */

/* Begin PBXProject section */
		47E68A7C85A1491F8506E9A3 /* Project object */ = {
			isa = PBXProject;
			attributes = {
				BuildIndependentTargetsInParallel = YES;
				LastUpgradeCheck = 1600;
				TargetAttributes = {
					7D3CB48D893FB207303E1C43 = {
						DevelopmentTeam = 93SH436384;
					};
					DB972EC2F2C1FB5D3A639724 = {
						DevelopmentTeam = 93SH436384;
					};
				};
			};
			buildConfigurationList = 0B8F5245C0315715EF2AE523 /* Build configuration list for PBXProject "Dictee" */;
			developmentRegion = en;
			hasScannedForEncodings = 0;
			knownRegions = (
				Base,
				en,
			);
			mainGroup = D2850731A6BF9D8F784ACCCF;
			minimizedProjectReferenceProxies = 1;
			preferredProjectObjectVersion = 77;
			productRefGroup = AF39D05886D93751EB2BD67C /* Products */;
			projectDirPath = "";
			projectRoot = "";
			targets = (
				7D3CB48D893FB207303E1C43 /* Dictee */,
				DB972EC2F2C1FB5D3A639724 /* DicteeTests */,
			);
		};
/* End PBXProject section */

/* Begin PBXResourcesBuildPhase section */
		43FCCA7A67618DFB7AD9DA6D /* Resources */ = {
			isa = PBXResourcesBuildPhase;
			buildActionMask = 2147483647;
			files = (
				921DD3B3B77201F33BA4B364 /* Assets.xcassets in Resources */,
			);
			runOnlyForDeploymentPostprocessing = 0;
		};
/* End PBXResourcesBuildPhase section */

/* Begin PBXSourcesBuildPhase section */
		7D4F37F54EF5B8F6722960C4 /* Sources */ = {
			isa = PBXSourcesBuildPhase;
			buildActionMask = 2147483647;
			files = (
				74B373101E1EF744DB8B9B5A /* DictationRewardIdempotencyTests.swift in Sources */,
				B79101532EB1EAD07B6578BC /* DictationRewardServiceTests.swift in Sources */,
				AC533C66EBAC527F70B417A0 /* PaperSessionMatcherTests.swift in Sources */,
			);
			runOnlyForDeploymentPostprocessing = 0;
		};
		A6AF04320C1D772AF9AE52D2 /* Sources */ = {
			isa = PBXSourcesBuildPhase;
			buildActionMask = 2147483647;
			files = (
				2D5F82CE0065DEDEEEE5F191 /* Answer.swift in Sources */,
				7E6BA62B91C7158C4307E7E3 /* CameraView.swift in Sources */,
				4BD6CFA77AA4CD88A7B0B886 /* DictationRewardService.swift in Sources */,
				63E215A05B1DAF82FE766AB3 /* DictationTextField.swift in Sources */,
				CDD2799ECE6D8D06475B27FC /* DicteeApp.swift in Sources */,
				1DBC23ECDFF79463D9AAEF06 /* HomeView.swift in Sources */,
				EB5914FF0496558B77D391D3 /* ImportFlowView.swift in Sources */,
				B33A21FD337C57DD0E7EF985 /* NeatnessRing.swift in Sources */,
				632699888BB61F598F3E7F47 /* OCRReviewView.swift in Sources */,
				98F7DDBE6503C70FCA199B0D /* OCRService.swift in Sources */,
				9DFE1A08E51E832131F50266 /* PaperSessionMatcher.swift in Sources */,
				1EFDA0E645A28BA86E14FABF /* PaperSessionView.swift in Sources */,
				DE03A0B2B489B56062D9C066 /* ResultsView.swift in Sources */,
				DBDADA03E0327E41EB9C287A /* ReviewBankEntry.swift in Sources */,
				3484C8F3B811D54C1C4F1584 /* RevisitSessionView.swift in Sources */,
				026F58264ACE6050CAF5F3FC /* RewardRule.swift in Sources */,
				507BE41C662E436246CFDA5E /* RewardTransaction.swift in Sources */,
				4465B88CB147AAD0DFC9EF88 /* ScoreRing.swift in Sources */,
				7D93EDCFC95DFC535DDD314E /* SessionModePicker.swift in Sources */,
				9B7471C5E0E05574E96F166B /* SessionResult.swift in Sources */,
				ACB2FC6F777C978499290ED4 /* SessionView.swift in Sources */,
				0D29D17F59A9EA7971D0FC14 /* SessionWord.swift in Sources */,
				6261EBA5D0EDFE59DB214C54 /* SettingsView.swift in Sources */,
				C2A635859BC1AE13FEAD8CD2 /* SpeechService.swift in Sources */,
				48E300CD3E97B0F830ED8B7C /* StarBalanceBadge.swift in Sources */,
				E214619B6623FCEFD73CF8C6 /* String+Normalization.swift in Sources */,
				9CF652EBE3A1ABD0228E59E9 /* Word.swift in Sources */,
				27F150DEB17C64472B5854FF /* WordList.swift in Sources */,
				171FF9788B50A457F939316C /* WordListCard.swift in Sources */,
				0072525401C6717D03BA9373 /* WordListDetailView.swift in Sources */,
			);
			runOnlyForDeploymentPostprocessing = 0;
		};
/* End PBXSourcesBuildPhase section */

/* Begin PBXTargetDependency section */
		6D6A995F8690324CA0158A24 /* PBXTargetDependency */ = {
			isa = PBXTargetDependency;
			target = 7D3CB48D893FB207303E1C43 /* Dictee */;
			targetProxy = 0D5F8C6812286A0C7118514D /* PBXContainerItemProxy */;
		};
/* End PBXTargetDependency section */

/* Begin XCBuildConfiguration section */
		24C15F01EAA9EE67D9858FFE /* Debug */ = {
			isa = XCBuildConfiguration;
			buildSettings = {
				BUNDLE_LOADER = "$(TEST_HOST)";
				DEVELOPMENT_TEAM = 93SH436384;
				GENERATE_INFOPLIST_FILE = YES;
				IPHONEOS_DEPLOYMENT_TARGET = 17.0;
				LD_RUNPATH_SEARCH_PATHS = (
					"$(inherited)",
					"@executable_path/Frameworks",
					"@loader_path/Frameworks",
				);
				PRODUCT_BUNDLE_IDENTIFIER = com.dictee.app.tests;
				SDKROOT = iphoneos;
				SWIFT_VERSION = 5.9;
				TARGETED_DEVICE_FAMILY = "1,2";
				TEST_HOST = "$(BUILT_PRODUCTS_DIR)/Dictee.app/Dictee";
			};
			name = Debug;
		};
		67FC777CD29EC4C73BA32B65 /* Release */ = {
			isa = XCBuildConfiguration;
			buildSettings = {
				BUNDLE_LOADER = "$(TEST_HOST)";
				DEVELOPMENT_TEAM = 93SH436384;
				GENERATE_INFOPLIST_FILE = YES;
				IPHONEOS_DEPLOYMENT_TARGET = 17.0;
				LD_RUNPATH_SEARCH_PATHS = (
					"$(inherited)",
					"@executable_path/Frameworks",
					"@loader_path/Frameworks",
				);
				PRODUCT_BUNDLE_IDENTIFIER = com.dictee.app.tests;
				SDKROOT = iphoneos;
				SWIFT_VERSION = 5.9;
				TARGETED_DEVICE_FAMILY = "1,2";
				TEST_HOST = "$(BUILT_PRODUCTS_DIR)/Dictee.app/Dictee";
			};
			name = Release;
		};
		6D4DD2C90FDF36958FBE57E2 /* Release */ = {
			isa = XCBuildConfiguration;
			buildSettings = {
				ASSETCATALOG_COMPILER_APPICON_NAME = AppIcon;
				CODE_SIGN_IDENTITY = "iPhone Developer";
				CURRENT_PROJECT_VERSION = 1;
				DEVELOPMENT_TEAM = 93SH436384;
				INFOPLIST_FILE = Dictee/Info.plist;
				IPHONEOS_DEPLOYMENT_TARGET = 17.0;
				LD_RUNPATH_SEARCH_PATHS = (
					"$(inherited)",
					"@executable_path/Frameworks",
				);
				MARKETING_VERSION = 1.0;
				PRODUCT_BUNDLE_IDENTIFIER = com.dictee.app;
				SDKROOT = iphoneos;
				SWIFT_VERSION = 5.9;
				TARGETED_DEVICE_FAMILY = "1,2";
			};
			name = Release;
		};
		C2AEBC2283D631E4114EEC44 /* Debug */ = {
			isa = XCBuildConfiguration;
			buildSettings = {
				ASSETCATALOG_COMPILER_APPICON_NAME = AppIcon;
				CODE_SIGN_IDENTITY = "iPhone Developer";
				CURRENT_PROJECT_VERSION = 1;
				DEVELOPMENT_TEAM = 93SH436384;
				INFOPLIST_FILE = Dictee/Info.plist;
				IPHONEOS_DEPLOYMENT_TARGET = 17.0;
				LD_RUNPATH_SEARCH_PATHS = (
					"$(inherited)",
					"@executable_path/Frameworks",
				);
				MARKETING_VERSION = 1.0;
				PRODUCT_BUNDLE_IDENTIFIER = com.dictee.app;
				SDKROOT = iphoneos;
				SWIFT_VERSION = 5.9;
				TARGETED_DEVICE_FAMILY = "1,2";
			};
			name = Debug;
		};
		CDC518AA379ADC31B29DCEFD /* Debug */ = {
			isa = XCBuildConfiguration;
			buildSettings = {
				ALWAYS_SEARCH_USER_PATHS = NO;
				CLANG_ANALYZER_NONNULL = YES;
				CLANG_ANALYZER_NUMBER_OBJECT_CONVERSION = YES_AGGRESSIVE;
				CLANG_CXX_LANGUAGE_STANDARD = "gnu++14";
				CLANG_CXX_LIBRARY = "libc++";
				CLANG_ENABLE_MODULES = YES;
				CLANG_ENABLE_OBJC_ARC = YES;
				CLANG_ENABLE_OBJC_WEAK = YES;
				CLANG_WARN_BLOCK_CAPTURE_AUTORELEASING = YES;
				CLANG_WARN_BOOL_CONVERSION = YES;
				CLANG_WARN_COMMA = YES;
				CLANG_WARN_CONSTANT_CONVERSION = YES;
				CLANG_WARN_DEPRECATED_OBJC_IMPLEMENTATIONS = YES;
				CLANG_WARN_DIRECT_OBJC_ISA_USAGE = YES_ERROR;
				CLANG_WARN_DOCUMENTATION_COMMENTS = YES;
				CLANG_WARN_EMPTY_BODY = YES;
				CLANG_WARN_ENUM_CONVERSION = YES;
				CLANG_WARN_INFINITE_RECURSION = YES;
				CLANG_WARN_INT_CONVERSION = YES;
				CLANG_WARN_NON_LITERAL_NULL_CONVERSION = YES;
				CLANG_WARN_OBJC_IMPLICIT_RETAIN_SELF = YES;
				CLANG_WARN_OBJC_LITERAL_CONVERSION = YES;
				CLANG_WARN_OBJC_ROOT_CLASS = YES_ERROR;
				CLANG_WARN_QUOTED_INCLUDE_IN_FRAMEWORK_HEADER = YES;
				CLANG_WARN_RANGE_LOOP_ANALYSIS = YES;
				CLANG_WARN_STRICT_PROTOTYPES = YES;
				CLANG_WARN_SUSPICIOUS_MOVE = YES;
				CLANG_WARN_UNGUARDED_AVAILABILITY = YES_AGGRESSIVE;
				CLANG_WARN_UNREACHABLE_CODE = YES;
				CLANG_WARN__DUPLICATE_METHOD_MATCH = YES;
				COPY_PHASE_STRIP = NO;
				DEBUG_INFORMATION_FORMAT = dwarf;
				ENABLE_STRICT_OBJC_MSGSEND = YES;
				ENABLE_TESTABILITY = YES;
				GCC_C_LANGUAGE_STANDARD = gnu11;
				GCC_DYNAMIC_NO_PIC = NO;
				GCC_NO_COMMON_BLOCKS = YES;
				GCC_OPTIMIZATION_LEVEL = 0;
				GCC_PREPROCESSOR_DEFINITIONS = (
					"$(inherited)",
					"DEBUG=1",
				);
				GCC_WARN_64_TO_32_BIT_CONVERSION = YES;
				GCC_WARN_ABOUT_RETURN_TYPE = YES_ERROR;
				GCC_WARN_UNDECLARED_SELECTOR = YES;
				GCC_WARN_UNINITIALIZED_AUTOS = YES_AGGRESSIVE;
				GCC_WARN_UNUSED_FUNCTION = YES;
				GCC_WARN_UNUSED_VARIABLE = YES;
				IPHONEOS_DEPLOYMENT_TARGET = 17.0;
				MTL_ENABLE_DEBUG_INFO = INCLUDE_SOURCE;
				MTL_FAST_MATH = YES;
				ONLY_ACTIVE_ARCH = YES;
				PRODUCT_NAME = "$(TARGET_NAME)";
				SDKROOT = iphoneos;
				SWIFT_ACTIVE_COMPILATION_CONDITIONS = DEBUG;
				SWIFT_OPTIMIZATION_LEVEL = "-Onone";
				SWIFT_VERSION = 5.0;
			};
			name = Debug;
		};
		E60E067094C106A1586CABC0 /* Release */ = {
			isa = XCBuildConfiguration;
			buildSettings = {
				ALWAYS_SEARCH_USER_PATHS = NO;
				CLANG_ANALYZER_NONNULL = YES;
				CLANG_ANALYZER_NUMBER_OBJECT_CONVERSION = YES_AGGRESSIVE;
				CLANG_CXX_LANGUAGE_STANDARD = "gnu++14";
				CLANG_CXX_LIBRARY = "libc++";
				CLANG_ENABLE_MODULES = YES;
				CLANG_ENABLE_OBJC_ARC = YES;
				CLANG_ENABLE_OBJC_WEAK = YES;
				CLANG_WARN_BLOCK_CAPTURE_AUTORELEASING = YES;
				CLANG_WARN_BOOL_CONVERSION = YES;
				CLANG_WARN_COMMA = YES;
				CLANG_WARN_CONSTANT_CONVERSION = YES;
				CLANG_WARN_DEPRECATED_OBJC_IMPLEMENTATIONS = YES;
				CLANG_WARN_DIRECT_OBJC_ISA_USAGE = YES_ERROR;
				CLANG_WARN_DOCUMENTATION_COMMENTS = YES;
				CLANG_WARN_EMPTY_BODY = YES;
				CLANG_WARN_ENUM_CONVERSION = YES;
				CLANG_WARN_INFINITE_RECURSION = YES;
				CLANG_WARN_INT_CONVERSION = YES;
				CLANG_WARN_NON_LITERAL_NULL_CONVERSION = YES;
				CLANG_WARN_OBJC_IMPLICIT_RETAIN_SELF = YES;
				CLANG_WARN_OBJC_LITERAL_CONVERSION = YES;
				CLANG_WARN_OBJC_ROOT_CLASS = YES_ERROR;
				CLANG_WARN_QUOTED_INCLUDE_IN_FRAMEWORK_HEADER = YES;
				CLANG_WARN_RANGE_LOOP_ANALYSIS = YES;
				CLANG_WARN_STRICT_PROTOTYPES = YES;
				CLANG_WARN_SUSPICIOUS_MOVE = YES;
				CLANG_WARN_UNGUARDED_AVAILABILITY = YES_AGGRESSIVE;
				CLANG_WARN_UNREACHABLE_CODE = YES;
				CLANG_WARN__DUPLICATE_METHOD_MATCH = YES;
				COPY_PHASE_STRIP = NO;
				DEBUG_INFORMATION_FORMAT = "dwarf-with-dsym";
				ENABLE_NS_ASSERTIONS = NO;
				ENABLE_STRICT_OBJC_MSGSEND = YES;
				GCC_C_LANGUAGE_STANDARD = gnu11;
				GCC_NO_COMMON_BLOCKS = YES;
				GCC_WARN_64_TO_32_BIT_CONVERSION = YES;
				GCC_WARN_ABOUT_RETURN_TYPE = YES_ERROR;
				GCC_WARN_UNDECLARED_SELECTOR = YES;
				GCC_WARN_UNINITIALIZED_AUTOS = YES_AGGRESSIVE;
				GCC_WARN_UNUSED_FUNCTION = YES;
				GCC_WARN_UNUSED_VARIABLE = YES;
				IPHONEOS_DEPLOYMENT_TARGET = 17.0;
				MTL_ENABLE_DEBUG_INFO = NO;
				MTL_FAST_MATH = YES;
				PRODUCT_NAME = "$(TARGET_NAME)";
				SDKROOT = iphoneos;
				SWIFT_COMPILATION_MODE = wholemodule;
				SWIFT_OPTIMIZATION_LEVEL = "-O";
				SWIFT_VERSION = 5.0;
			};
			name = Release;
		};
/* End XCBuildConfiguration section */

/* Begin XCConfigurationList section */
		0B8F5245C0315715EF2AE523 /* Build configuration list for PBXProject "Dictee" */ = {
			isa = XCConfigurationList;
			buildConfigurations = (
				CDC518AA379ADC31B29DCEFD /* Debug */,
				E60E067094C106A1586CABC0 /* Release */,
			);
			defaultConfigurationIsVisible = 0;
			defaultConfigurationName = Debug;
		};
		14796FDD102DF7014BC5BEB3 /* Build configuration list for PBXNativeTarget "Dictee" */ = {
			isa = XCConfigurationList;
			buildConfigurations = (
				C2AEBC2283D631E4114EEC44 /* Debug */,
				6D4DD2C90FDF36958FBE57E2 /* Release */,
			);
			defaultConfigurationIsVisible = 0;
			defaultConfigurationName = Debug;
		};
		FF133172C1B692A8A4C7DDAA /* Build configuration list for PBXNativeTarget "DicteeTests" */ = {
			isa = XCConfigurationList;
			buildConfigurations = (
				24C15F01EAA9EE67D9858FFE /* Debug */,
				67FC777CD29EC4C73BA32B65 /* Release */,
			);
			defaultConfigurationIsVisible = 0;
			defaultConfigurationName = Debug;
		};
/* End XCConfigurationList section */
	};
	rootObject = 47E68A7C85A1491F8506E9A3 /* Project object */;
}
